version = 1
revision = 5
requires-python = ">=3.10"

[options]
exclude-newer = "2026-10-06T19:24:01.43686747Z"

[[package]]
name = "mergify-cli"
version = "2026.10.3"
source = { registry = "https://pypi.org/simple/" }
wheels = [
    { url = "https://files.pythonhosted.org/packages/77/fb/a329fec381c014dca1582a72408acc55a40bbcc6060d3a43631260db8c3f/mergify_cli-2026.10.3-py3-none-macosx_10_12_x86_64.whl", hash = "sha256:620431da5a4bc8dd0c2dbb70913c01227d979b151bf390ffb6cda6255773061b", size = 6171725, upload-time = "2026-10-06T13:10:18.096Z" },
    { url = "https://files.pythonhosted.org/packages/43/cd/957ef8093cd4462183c0fd9fb08ec682c1a0941e0c4a31ad3287e78d1d80/mergify_cli-2026.10.3-py3-none-macosx_11_0_arm64.whl", hash = "sha256:f6e9d9cb15966c8df3ffa3820118cdb497c8663850266b8aa26d117e08a91186", size = 5756846, upload-time = "2026-10-06T13:10:20.823Z" },
    { url = "https://files.pythonhosted.org/packages/89/11/4a5738030cf507b5b391154637644dbb87a3064b82a4dfcbdfc4199049a0/mergify_cli-2026.10.3-py3-none-manylinux_2_17_aarch64.manylinux2014_aarch64.whl", hash = "sha256:19611d9c2484b8a843283e46ec63c904116d87f2a9695d5227e428dc22cb5628", size = 6834200, upload-time = "2026-10-06T13:10:22.781Z" },
    { url = "https://files.pythonhosted.org/packages/1e/e2/71aefb0fd1d9523b7b2dfd1875e7420411e02564f40877559e4ced9040bb/mergify_cli-2026.10.3-py3-none-manylinux_2_17_x86_64.manylinux2014_x86_64.whl", hash = "sha256:d8e8f11cdb994f4a74bc3380741881ee1a58a9fcd9783efb3a29479e7a9b7ccd", size = 7287218, upload-time = "2026-10-06T13:10:24.675Z" },
    { url = "https://files.pythonhosted.org/packages/1b/e8/41e2fa24c28dc38ad1f16387662dcf8f5bad06438b187bd4c203077dc2f0/mergify_cli-2026.10.3-py3-none-musllinux_1_2_aarch64.whl", hash = "sha256:0cdaac222d0d8ec7fd828ad0005b33d4b598672bbe70da96d9b78a00405bda4e", size = 6823246, upload-time = "2026-10-06T13:10:27.592Z" },
    { url = "https://files.pythonhosted.org/packages/fc/01/0d84dc18cf22b32ac043cb9b5b8ab889d87bcb8bf2351f33ec5375e4d5d7/mergify_cli-2026.10.3-py3-none-musllinux_1_2_x86_64.whl", hash = "sha256:7941779c78f218ec5a36623aedf6bead7e281bd3da71f4eb47126c977f441958", size = 7421900, upload-time = "2026-10-06T13:10:29.326Z" },
    { url = "https://files.pythonhosted.org/packages/f8/26/c36f98f659cf2098162d76e20d0da942149fad9462b1d85d86e4507639fd/mergify_cli-2026.10.3-py3-none-win_amd64.whl", hash = "sha256:8fa13a13b8488fd813a6a1d359133375412b2301158b6cbdaeac00f43630171e", size = 6200505, upload-time = "2026-10-06T13:10:31.155Z" },
]

[[package]]
name = "mise-pypi-tool-environment"
version = "0.0.0"
source = { virtual = "." }
dependencies = [
    { name = "mergify-cli" },
]

[package.metadata]
requires-dist = [{ name = "mergify-cli", specifier = "==2026.10.3" }]
