lockfileVersion: '9.0'

settings:
  autoInstallPeers: true
  excludeLinksFromLockfile: false

importers:

  .:
    dependencies:
      node-gyp:
        specifier: 13.1.0
        version: 13.1.0

packages:

  '@isaacs/fs-minipass@4.0.1':
    resolution: {integrity: sha512-wgm9Ehl2jpeqP3zw/7mo3kRHFp5MEDhqAdwy1fTGkHAwnkGOVsgpvQhL8B5n1qlb01jV3n/bI0ZfZp5lWA1k4w==}
    engines: {node: '>=18.0.0'}

  abbrev@5.0.0:
    resolution: {integrity: sha512-/XrFJgzQQQHpti1raDJC6m4ws6aNktmjBlhk8Fdlk7LwCEuDoieEJJY9OFHjfiFJFFRM2tK+Ky/IsfbbmlMu1w==}
    engines: {node: ^22.22.2 || ^24.15.0 || >=26.0.0}

  chownr@3.0.0:
    resolution: {integrity: sha512-+IxzY9BZOQd/XuYPRmrvEVjF/nqj5kgT4kEq7VofrDoM1MxoRjEWkrCC3EtLi59TVawxTAn+orJwFQcrqEN1+g==}
    engines: {node: '>=18'}

  env-paths@2.2.1:
    resolution: {integrity: sha512-+h1lkLKhZMTYjog1VEpJNG7NZJWcuc2DDk/qsqSTRRCOXiLjeQ1d1/udrUGhqMxUgAlwKNZ0cf2uqan5GLuS2A==}
    engines: {node: '>=6'}

  exponential-backoff@3.1.3:
    resolution: {integrity: sha512-ZgEeZXj30q+I0EN+CbSSpIyPaJ5HVQD18Z1m+u1FXbAeT94mr1zw50q4q6jiiC447Nl/YTcIYSAftiGqetwXCA==}

  fdir@6.5.0:
    resolution: {integrity: sha512-tIbYtZbucOs0BRGqPJkshJUYdL+SDH7dVM8gjy+ERp3WAUjLEFJE+02kanyHtwjWOnwrKYBiwAmM0p4kLJAnXg==}
    engines: {node: '>=12.0.0'}
    peerDependencies:
      picomatch: ^3 || ^4
    peerDependenciesMeta:
      picomatch:
        optional: true

  graceful-fs@4.2.11:
    resolution: {integrity: sha512-RbJ5/jmFcNNCcDV5o9eTnBLJ/HszWV0P73bc+Ff4nS/rJj+YaS6IGyiOL0VoBYX+l1Wrl3k63h/KrH+nhJ0XvQ==}

  isexe@4.0.0:
    resolution: {integrity: sha512-FFUtZMpoZ8RqHS3XeXEmHWLA4thH+ZxCv2lOiPIn1Xc7CxrqhWzNSDzD+/chS/zbYezmiwWLdQC09JdQKmthOw==}
    engines: {node: '>=20'}

  minipass@7.1.3:
    resolution: {integrity: sha512-tEBHqDnIoM/1rXME1zgka9g6Q2lcoCkxHLuc7ODJ5BxbP5d4c2Z5cGgtXAku59200Cx7diuHTOYfSBD8n6mm8A==}
    engines: {node: '>=16 || 14 >=14.17'}

  minizlib@3.1.0:
    resolution: {integrity: sha512-KZxYo1BUkWD2TVFLr0MQoM8vUUigWD3LlD83a/75BqC+4qE0Hb1Vo5v1FgcfaNXvfXzr+5EhQ6ing/CaBijTlw==}
    engines: {node: '>= 18'}

  node-gyp@13.1.0:
    resolution: {integrity: sha512-FpNzOLFACKG0oRBYbZ5WOeWD1EqRTIWX90MaRIWTO18lVYPx8fqIjrdS3pihjnCkSmgop6zVGkSqg1vXZLksuw==}
    engines: {node: ^22.22.2 || ^24.15.0 || >=26.0.0}
    hasBin: true

  nopt@10.0.1:
    resolution: {integrity: sha512-df3sBr/6ax9hSGuC3CspvLlbnX8cP5L5nZwXF8cGN8l0zSWR6BvzmQ6jPUKjvo6+/xdpkNvEcucBNUdBeeV13g==}
    engines: {node: ^22.22.2 || ^24.15.0 || >=26.0.0}
    hasBin: true

  picomatch@4.0.7:
    resolution: {integrity: sha512-qcJu88Q2IWqJsDD529JKMdwGm/dvInW4HvQnRwiH9JtihJvzGOscDtHE3x1pBKeUOTysQ8kVmLnJ2kJu7yhcGA==}
    engines: {node: '>=12'}

  proc-log@7.0.0:
    resolution: {integrity: sha512-FYgfaA69XZ93zaXLoMNQ+ViDXGGBgR8aLh03txzcFhV+9xOXx7+8DLCULrKKpR9+GsH9ZfHm82aSUPpozX0Ztg==}
    engines: {node: ^22.22.2 || ^24.15.0 || >=26.0.0}

  semver@7.8.5:
    resolution: {integrity: sha512-Y7/KDsb8LjooZpwaqGyulO6DQlksgCncchHGk+sZIY4SBvUocMBEFH5Ur1fI4dV+Jvl0w6cjvucaIi40puRioA==}
    engines: {node: '>=10'}
    hasBin: true

  tar@7.5.22:
    resolution: {integrity: sha512-MFO/QzvtAOmJbkhOaCTvbGcFN9L9b+JunIsDwaKljSOdcLMea3NJ1k9Usz/rjdfSXTq4dfzfeS7W4p4YOAAHeA==}
    engines: {node: '>=18'}

  tinyglobby@0.2.17:
    resolution: {integrity: sha512-wXR/dYpcqKmfWpEdZjiKJOwCNFndD0DMnrW/cYjVGttEkBfVgcLFHoNrlj47mjOVic9yyNu65alsgF4NQyTa2g==}
    engines: {node: '>=12.0.0'}

  undici@8.11.2:
    resolution: {integrity: sha512-u4UB2/IrKdU6lFxumHmmo1a3fCQO5tzQllRorfoRS63txhrB7xTpSn1PftwC4qEHkOaqP95fCWW4lJzwErwzhQ==}
    engines: {node: '>=22.19.0'}

  which@7.0.0:
    resolution: {integrity: sha512-RancgH2dmbLdHl6LRhEqvklWMgl/Hdnun0Y90KhBOLkMefg8Qa7/Zel8Sm+8HEcP6DEjzsWzpkuBQEZok58isA==}
    engines: {node: ^22.22.2 || ^24.15.0 || >=26.0.0}
    hasBin: true

  yallist@5.0.0:
    resolution: {integrity: sha512-YgvUTfwqyc7UXVMrB+SImsVYSmTS8X/tSrtdNZMImM+n7+QTriRXyXim0mBrTXNeqzVF0KWGgHPeiyViFFrNDw==}
    engines: {node: '>=18'}

snapshots:

  '@isaacs/fs-minipass@4.0.1':
    dependencies:
      minipass: 7.1.3

  abbrev@5.0.0: {}

  chownr@3.0.0: {}

  env-paths@2.2.1: {}

  exponential-backoff@3.1.3: {}

  fdir@6.5.0(picomatch@4.0.7):
    dependencies:
      picomatch: 4.0.7

  graceful-fs@4.2.11: {}

  isexe@4.0.0: {}

  minipass@7.1.3: {}

  minizlib@3.1.0:
    dependencies:
      minipass: 7.1.3

  node-gyp@13.1.0:
    dependencies:
      env-paths: 2.2.1
      exponential-backoff: 3.1.3
      graceful-fs: 4.2.11
      nopt: 10.0.1
      proc-log: 7.0.0
      semver: 7.8.5
      tar: 7.5.22
      tinyglobby: 0.2.17
      undici: 8.11.2
      which: 7.0.0

  nopt@10.0.1:
    dependencies:
      abbrev: 5.0.0

  picomatch@4.0.7: {}

  proc-log@7.0.0: {}

  semver@7.8.5: {}

  tar@7.5.22:
    dependencies:
      '@isaacs/fs-minipass': 4.0.1
      chownr: 3.0.0
      minipass: 7.1.3
      minizlib: 3.1.0
      yallist: 5.0.0

  tinyglobby@0.2.17:
    dependencies:
      fdir: 6.5.0(picomatch@4.0.7)
      picomatch: 4.0.7

  undici@8.11.2: {}

  which@7.0.0:
    dependencies:
      isexe: 4.0.0

  yallist@5.0.0: {}
